41.neocities.org/dash v1.27.4 h1:z8Ij/MjaF+mqdKGS3wfi4UsznkCNGt/PkEC8biBEd3c=
41.neocities.org/dash v1.27.4/go.mod h1:BoiwRQ49/m0Jyf98s8nO15CjAkBiKlAs27ljIMhBIJA=
github.com/rodrigocfd/windigo v0.1.0 h1:hFowlIijR77z5sfn9oYd6RCmvSX+P7RuW/Oz8jRe2RE=
github.com/rodrigocfd/windigo v0.1.0/go.mod h1:3zHhLYU08CkrMx5cdPlmC1HObT8fSldWtfS8cnSRzYo=
